
Microsoft Visual Studio Solution File, Format Version 12.00
# Visual Studio Version 17
VisualStudioVersion = 17.5.33627.172
MinimumVisualStudioVersion = 10.0.40219.1
Project("{FAE04EC0-301F-11D3-BF4B-00C04F79EFBC}") = "oop41", "oop41\oop41.csproj", "{1187BDD9-205A-4FB3-BBDA-42AF7BFFD60F}"
EndProject
Global
	GlobalSection(SolutionConfigurationPlatforms) = preSolution
		Debug|Any CPU = Debug|Any CPU
		Release|Any CPU = Release|Any CPU
	EndGlobalSection
	GlobalSection(ProjectConfigurationPlatforms) = postSolution
		{1187BDD9-205A-4FB3-BBDA-42AF7BFFD60F}.Debug|Any CPU.ActiveCfg = Debug|Any CPU
		{1187BDD9-205A-4FB3-BBDA-42AF7BFFD60F}.Debug|Any CPU.Build.0 = Debug|Any CPU
		{1187BDD9-205A-4FB3-BBDA-42AF7BFFD60F}.Release|Any CPU.ActiveCfg = Release|Any CPU
		{1187BDD9-205A-4FB3-BBDA-42AF7BFFD60F}.Release|Any CPU.Build.0 = Release|Any CPU
	EndGlobalSection
	GlobalSection(SolutionProperties) = preSolution
		HideSolutionNode = FALSE
	EndGlobalSection
	GlobalSection(ExtensibilityGlobals) = postSolution
		SolutionGuid = {5D759CCF-9E6A-4E09-9E8F-90EC954DC696}
	EndGlobalSection
EndGlobal
